PODS:
  - Flutter (1.0.0)
  - native_device_orientation (0.0.1):
    - Flutter

DEPENDENCIES:
  - Flutter (from `Pods/.symlinks/flutter/ios`)
  - native_device_orientation (from `Pods/.symlinks/plugins/native_device_orientation/ios`)

EXTERNAL SOURCES:
  Flutter:
    :path: Pods/.symlinks/flutter/ios
  native_device_orientation:
    :path: Pods/.symlinks/plugins/native_device_orientation/ios

SPEC CHECKSUMS:
  Flutter: 9d0fac939486c9aba2809b7982dfdbb47a7b0296
  native_device_orientation: 1126735962ee926c7067a26ee9b0be020d3f5890

PODFILE CHECKSUM: 13dcf421f4da2e937a57e8ba760ed880beae536f

COCOAPODS: 1.5.3
